
Microsoft Visual Studio Solution File, Format Version 12.00
# Visual Studio 15
VisualStudioVersion = 15.0.27703.2035
MinimumVisualStudioVersion = 10.0.40219.1
Project("{8BC9CEB8-8B4A-11D0-8D11-00A0C91BC942}") = "ProgressCheck", "ProgressCheck\ProgressCheck.vcxproj", "{963F5E3C-267F-4B70-B34F-4B0B922C14EF}"
EndProject
Global
	GlobalSection(SolutionConfigurationPlatforms) = preSolution
		Debug|x64 = Debug|x64
		Debug|x86 = Debug|x86
		Release|x64 = Release|x64
		Release|x86 = Release|x86
	EndGlobalSection
	GlobalSection(ProjectConfigurationPlatforms) = postSolution
		{963F5E3C-267F-4B70-B34F-4B0B922C14EF}.Debug|x64.ActiveCfg = Debug|x64
		{963F5E3C-267F-4B70-B34F-4B0B922C14EF}.Debug|x64.Build.0 = Debug|x64
		{963F5E3C-267F-4B70-B34F-4B0B922C14EF}.Debug|x86.ActiveCfg = Debug|Win32
		{963F5E3C-267F-4B70-B34F-4B0B922C14EF}.Debug|x86.Build.0 = Debug|Win32
		{963F5E3C-267F-4B70-B34F-4B0B922C14EF}.Release|x64.ActiveCfg = Release|x64
		{963F5E3C-267F-4B70-B34F-4B0B922C14EF}.Release|x64.Build.0 = Release|x64
		{963F5E3C-267F-4B70-B34F-4B0B922C14EF}.Release|x86.ActiveCfg = Release|Win32
		{963F5E3C-267F-4B70-B34F-4B0B922C14EF}.Release|x86.Build.0 = Release|Win32
	EndGlobalSection
	GlobalSection(SolutionProperties) = preSolution
		HideSolutionNode = FALSE
	EndGlobalSection
	GlobalSection(ExtensibilityGlobals) = postSolution
		SolutionGuid = {624DB284-47AB-4AC3-9762-510149939AB5}
	EndGlobalSection
EndGlobal
